// !$*UTF8*$!
{
	archiveVersion = 1;
	classes = {
	};
	objectVersion = 50;
	objects = {

/* Begin PBXBuildFile section */
		876617BE26CAFACB00476FFE /* AppDelegate.swift in Sources */ = {isa = PBXBuildFile; fileRef = 876617BD26CAFACB00476FFE /* AppDelegate.swift */; };
		876617C026CAFACB00476FFE /* SceneDelegate.swift in Sources */ = {isa = PBXBuildFile; fileRef = 876617BF26CAFACB00476FFE /* SceneDelegate.swift */; };
		876617C226CAFACB00476FFE /* ViewController.swift in Sources */ = {isa = PBXBuildFile; fileRef = 876617C126CAFACB00476FFE /* ViewController.swift */; };
		876617C526CAFACB00476FFE /* Main.storyboard in Resources */ = {isa = PBXBuildFile; fileRef = 876617C326CAFACB00476FFE /* Main.storyboard */; };
		876617C726CAFACD00476FFE /* Assets.xcassets in Resources */ = {isa = PBXBuildFile; fileRef = 876617C626CAFACD00476FFE /* Assets.xcassets */; };
		876617CA26CAFACD00476FFE /* LaunchScreen.storyboard in Resources */ = {isa = PBXBuildFile; fileRef = 876617C826CAFACD00476FFE /* LaunchScreen.storyboard */; };
		876617D326CB19E600476FFE /* GameViewController.swift in Sources */ = {isa = PBXBuildFile; fileRef = 876617D226CB19E600476FFE /* GameViewController.swift */; };
/* End PBXBuildFile section */

/* Begin PBXFileReference section */
		876617BA26CAFACB00476FFE /* Quiz Game App.app */ = {isa = PBXFileReference; explicitFileType = wrapper.application; includeInIndex = 0; path = "Quiz Game App.app"; sourceTree = BUILT_PRODUCTS_DIR; };
		876617BD26CAFACB00476FFE /* AppDelegate.swift */ = {isa = PBXFileReference; lastKnownFileType = sourcecode.swift; path = AppDelegate.swift; sourceTree = "<group>"; };
		876617BF26CAFACB00476FFE /* SceneDelegate.swift */ = {isa = PBXFileReference; lastKnownFileType = sourcecode.swift; path = SceneDelegate.swift; sourceTree = "<group>"; };
		876617C126CAFACB00476FFE /* ViewController.swift */ = {isa = PBXFileReference; lastKnownFileType = sourcecode.swift; path = ViewController.swift; sourceTree = "<group>"; };
		876617C426CAFACB00476FFE /* Base */ = {isa = PBXFileReference; lastKnownFileType = file.storyboard; name = Base; path = Base.lproj/Main.storyboard; sourceTree = "<group>"; };
		876617C626CAFACD00476FFE /* Assets.xcassets */ = {isa = PBXFileReference; lastKnownFileType = folder.assetcatalog; path = Assets.xcassets; sourceTree = "<group>"; };
		876617C926CAFACD00476FFE /* Base */ = {isa = PBXFileReference; lastKnownFileType = file.storyboard; name = Base; path = Base.lproj/LaunchScreen.storyboard; sourceTree = "<group>"; };
		876617CB26CAFACD00476FFE /* Info.plist */ = {isa = PBXFileReference; lastKnownFileType = text.plist.xml; path = Info.plist; sourceTree = "<group>"; };
		876617D226CB19E600476FFE /* GameViewController.swift */ = {isa = PBXFileReference; lastKnownFileType = sourcecode.swift; path = GameViewController.swift; sourceTree = "<group>"; };
/* End PBXFileReference section */

/* Begin PBXFrameworksBuildPhase section */
		876617B726CAFACB00476FFE /* Frameworks */ = {
			isa = PBXFrameworksBuildPhase;
			buildActionMask = 2147483647;
			files = (
			);
			runOnlyForDeploymentPostprocessing = 0;
		};
/* End PBXFrameworksBuildPhase section */

/* Begin PBXGroup section */
		876617B126CAFACB00476FFE = {
			isa = PBXGroup;
			children = (
				876617BC26CAFACB00476FFE /* Quiz Game App */,
				876617BB26CAFACB00476FFE /* Products */,
			);
			sourceTree = "<group>";
		};
		876617BB26CAFACB00476FFE /* Products */ = {
			isa = PBXGroup;
			children = (
				876617BA26CAFACB00476FFE /* Quiz Game App.app */,
			);
			name = Products;
			sourceTree = "<group>";
		};
		876617BC26CAFACB00476FFE /* Quiz Game App */ = {
			isa = PBXGroup;
			children = (
				876617D126CB19CD00476FFE /* GameViewController */,
				876617BD26CAFACB00476FFE /* AppDelegate.swift */,
				876617BF26CAFACB00476FFE /* SceneDelegate.swift */,
				876617C126CAFACB00476FFE /* ViewController.swift */,
				876617C326CAFACB00476FFE /* Main.storyboard */,
				876617C626CAFACD00476FFE /* Assets.xcassets */,
				876617C826CAFACD00476FFE /* LaunchScreen.storyboard */,
				876617CB26CAFACD00476FFE /* Info.plist */,
			);
			path = "Quiz Game App";
			sourceTree = "<group>";
		};
		876617D126CB19CD00476FFE /* GameViewController */ = {
			isa = PBXGroup;
			children = (
				876617D226CB19E600476FFE /* GameViewController.swift */,
			);
			path = GameViewController;
			sourceTree = "<group>";
		};
/* End PBXGroup section */

/* Begin PBXNativeTarget section */
		876617B926CAFACB00476FFE /* Quiz Game App */ = {
			isa = PBXNativeTarget;
			buildConfigurationList = 876617CE26CAFACD00476FFE /* Build configuration list for PBXNativeTarget "Quiz Game App" */;
			buildPhases = (
				876617B626CAFACB00476FFE /* Sources */,
				876617B726CAFACB00476FFE /* Frameworks */,
				876617B826CAFACB00476FFE /* Resources */,
			);
			buildRules = (
			);
			dependencies = (
			);
			name = "Quiz Game App";
			productName = "Quiz Game App";
			productReference = 876617BA26CAFACB00476FFE /* Quiz Game App.app */;
			productType = "com.apple.product-type.application";
		};
/* End PBXNativeTarget section */

/* Begin PBXProject section */
		876617B226CAFACB00476FFE /* Project object */ = {
			isa = PBXProject;
			attributes = {
				LastSwiftUpdateCheck = 1250;
				LastUpgradeCheck = 1250;
				TargetAttributes = {
					876617B926CAFACB00476FFE = {
						CreatedOnToolsVersion = 12.5.1;
					};
				};
			};
			buildConfigurationList = 876617B526CAFACB00476FFE /* Build configuration list for PBXProject "Quiz Game App" */;
			compatibilityVersion = "Xcode 9.3";
			developmentRegion = en;
			hasScannedForEncodings = 0;
			knownRegions = (
				en,
				Base,
			);
			mainGroup = 876617B126CAFACB00476FFE;
			productRefGroup = 876617BB26CAFACB00476FFE /* Products */;
			projectDirPath = "";
			projectRoot = "";
			targets = (
				876617B926CAFACB00476FFE /* Quiz Game App */,
			);
		};
/* End PBXProject section */

/* Begin PBXResourcesBuildPhase section */
		876617B826CAFACB00476FFE /* Resources */ = {
			isa = PBXResourcesBuildPhase;
			buildActionMask = 2147483647;
			files = (
				876617CA26CAFACD00476FFE /* LaunchScreen.storyboard in Resources */,
				876617C726CAFACD00476FFE /* Assets.xcassets in Resources */,
				876617C526CAFACB00476FFE /* Main.storyboard in Resources */,
			);
			runOnlyForDeploymentPostprocessing = 0;
		};
/* End PBXResourcesBuildPhase section */

/* Begin PBXSourcesBuildPhase section */
		876617B626CAFACB00476FFE /* Sources */ = {
			isa = PBXSourcesBuildPhase;
			buildActionMask = 2147483647;
			files = (
				876617D326CB19E600476FFE /* GameViewController.swift in Sources */,
				876617C226CAFACB00476FFE /* ViewController.swift in Sources */,
				876617BE26CAFACB00476FFE /* AppDelegate.swift in Sources */,
				876617C026CAFACB00476FFE /* SceneDelegate.swift in Sources */,
			);
			runOnlyForDeploymentPostprocessing = 0;
		};
/* End PBXSourcesBuildPhase section */

/* Begin PBXVariantGroup section */
		876617C326CAFACB00476FFE /* Main.storyboard */ = {
			isa = PBXVariantGroup;
			children = (
				876617C426CAFACB00476FFE /* Base */,
			);
			name = Main.storyboard;
			sourceTree = "<group>";
		};
		876617C826CAFACD00476FFE /* LaunchScreen.storyboard */ = {
			isa = PBXVariantGroup;
			children = (
				876617C926CAFACD00476FFE /* Base */,
			);
			name = LaunchScreen.storyboard;
			sourceTree = "<group>";
		};
/* End PBXVariantGroup section */

/* Begin XCBuildConfiguration section */
		876617CC26CAFACD00476FFE /* Debug */ = {
			isa = XCBuildConfiguration;
			buildSettings = {
				ALWAYS_SEARCH_USER_PATHS = NO;
				CLANG_ANALYZER_NONNULL = YES;
				CLANG_ANALYZER_NUMBER_OBJECT_CONVERSION = YES_AGGRESSIVE;
				CLANG_CXX_LANGUAGE_STANDARD = "gnu++14";
				CLANG_CXX_LIBRARY = "libc++";
				CLANG_ENABLE_MODULES = YES;
				CLANG_ENABLE_OBJC_ARC = YES;
				CLANG_ENABLE_OBJC_WEAK = YES;
				CLANG_WARN_BLOCK_CAPTURE_AUTORELEASING = YES;
				CLANG_WARN_BOOL_CONVERSION = YES;
				CLANG_WARN_COMMA = YES;
				CLANG_WARN_CONSTANT_CONVERSION = YES;
				CLANG_WARN_DEPRECATED_OBJC_IMPLEMENTATIONS = YES;
				CLANG_WARN_DIRECT_OBJC_ISA_USAGE = YES_ERROR;
				CLANG_WARN_DOCUMENTATION_COMMENTS = YES;
				CLANG_WARN_EMPTY_BODY = YES;
				CLANG_WARN_ENUM_CONVERSION = YES;
				CLANG_WARN_INFINITE_RECURSION = YES;
				CLANG_WARN_INT_CONVERSION = YES;
				CLANG_WARN_NON_LITERAL_NULL_CONVERSION = YES;
				CLANG_WARN_OBJC_IMPLICIT_RETAIN_SELF = YES;
				CLANG_WARN_OBJC_LITERAL_CONVERSION = YES;
				CLANG_WARN_OBJC_ROOT_CLASS = YES_ERROR;
				CLANG_WARN_QUOTED_INCLUDE_IN_FRAMEWORK_HEADER = YES;
				CLANG_WARN_RANGE_LOOP_ANALYSIS = YES;
				CLANG_WARN_STRICT_PROTOTYPES = YES;
				CLANG_WARN_SUSPICIOUS_MOVE = YES;
				CLANG_WARN_UNGUARDED_AVAILABILITY = YES_AGGRESSIVE;
				CLANG_WARN_UNREACHABLE_CODE = YES;
				CLANG_WARN__DUPLICATE_METHOD_MATCH = YES;
				COPY_PHASE_STRIP = NO;
				DEBUG_INFORMATION_FORMAT = dwarf;
				ENABLE_STRICT_OBJC_MSGSEND = YES;
				ENABLE_TESTABILITY = YES;
				GCC_C_LANGUAGE_STANDARD = gnu11;
				GCC_DYNAMIC_NO_PIC = NO;
				GCC_NO_COMMON_BLOCKS = YES;
				GCC_OPTIMIZATION_LEVEL = 0;
				GCC_PREPROCESSOR_DEFINITIONS = (
					"DEBUG=1",
					"$(inherited)",
				);
				GCC_WARN_64_TO_32_BIT_CONVERSION = YES;
				GCC_WARN_ABOUT_RETURN_TYPE = YES_ERROR;
				GCC_WARN_UNDECLARED_SELECTOR = YES;
				GCC_WARN_UNINITIALIZED_AUTOS = YES_AGGRESSIVE;
				GCC_WARN_UNUSED_FUNCTION = YES;
				GCC_WARN_UNUSED_VARIABLE = YES;
				IPHONEOS_DEPLOYMENT_TARGET = 14.3;
				MTL_ENABLE_DEBUG_INFO = INCLUDE_SOURCE;
				MTL_FAST_MATH = YES;
				ONLY_ACTIVE_ARCH = YES;
				SDKROOT = iphoneos;
				SWIFT_ACTIVE_COMPILATION_CONDITIONS = DEBUG;
				SWIFT_OPTIMIZATION_LEVEL = "-Onone";
			};
			name = Debug;
		};
		876617CD26CAFACD00476FFE /* Release */ = {
			isa = XCBuildConfiguration;
			buildSettings = {
				ALWAYS_SEARCH_USER_PATHS = NO;
				CLANG_ANALYZER_NONNULL = YES;
				CLANG_ANALYZER_NUMBER_OBJECT_CONVERSION = YES_AGGRESSIVE;
				CLANG_CXX_LANGUAGE_STANDARD = "gnu++14";
				CLANG_CXX_LIBRARY = "libc++";
				CLANG_ENABLE_MODULES = YES;
				CLANG_ENABLE_OBJC_ARC = YES;
				CLANG_ENABLE_OBJC_WEAK = YES;
				CLANG_WARN_BLOCK_CAPTURE_AUTORELEASING = YES;
				CLANG_WARN_BOOL_CONVERSION = YES;
				CLANG_WARN_COMMA = YES;
				CLANG_WARN_CONSTANT_CONVERSION = YES;
				CLANG_WARN_DEPRECATED_OBJC_IMPLEMENTATIONS = YES;
				CLANG_WARN_DIRECT_OBJC_ISA_USAGE = YES_ERROR;
				CLANG_WARN_DOCUMENTATION_COMMENTS = YES;
				CLANG_WARN_EMPTY_BODY = YES;
				CLANG_WARN_ENUM_CONVERSION = YES;
				CLANG_WARN_INFINITE_RECURSION = YES;
				CLANG_WARN_INT_CONVERSION = YES;
				CLANG_WARN_NON_LITERAL_NULL_CONVERSION = YES;
				CLANG_WARN_OBJC_IMPLICIT_RETAIN_SELF = YES;
				CLANG_WARN_OBJC_LITERAL_CONVERSION = YES;
				CLANG_WARN_OBJC_ROOT_CLASS = YES_ERROR;
				CLANG_WARN_QUOTED_INCLUDE_IN_FRAMEWORK_HEADER = YES;
				CLANG_WARN_RANGE_LOOP_ANALYSIS = YES;
				CLANG_WARN_STRICT_PROTOTYPES = YES;
				CLANG_WARN_SUSPICIOUS_MOVE = YES;
				CLANG_WARN_UNGUARDED_AVAILABILITY = YES_AGGRESSIVE;
				CLANG_WARN_UNREACHABLE_CODE = YES;
				CLANG_WARN__DUPLICATE_METHOD_MATCH = YES;
				COPY_PHASE_STRIP = NO;
				DEBUG_INFORMATION_FORMAT = "dwarf-with-dsym";
				ENABLE_NS_ASSERTIONS = NO;
				ENABLE_STRICT_OBJC_MSGSEND = YES;
				GCC_C_LANGUAGE_STANDARD = gnu11;
				GCC_NO_COMMON_BLOCKS = YES;
				GCC_WARN_64_TO_32_BIT_CONVERSION = YES;
				GCC_WARN_ABOUT_RETURN_TYPE = YES_ERROR;
				GCC_WARN_UNDECLARED_SELECTOR = YES;
				GCC_WARN_UNINITIALIZED_AUTOS = YES_AGGRESSIVE;
				GCC_WARN_UNUSED_FUNCTION = YES;
				GCC_WARN_UNUSED_VARIABLE = YES;
				IPHONEOS_DEPLOYMENT_TARGET = 14.3;
				MTL_ENABLE_DEBUG_INFO = NO;
				MTL_FAST_MATH = YES;
				SDKROOT = iphoneos;
				SWIFT_COMPILATION_MODE = wholemodule;
				SWIFT_OPTIMIZATION_LEVEL = "-O";
				VALIDATE_PRODUCT = YES;
			};
			name = Release;
		};
		876617CF26CAFACD00476FFE /* Debug */ = {
			isa = XCBuildConfiguration;
			buildSettings = {
				ASSETCATALOG_COMPILER_APPICON_NAME = AppIcon;
				ASSETCATALOG_COMPILER_GLOBAL_ACCENT_COLOR_NAME = AccentColor;
				CODE_SIGN_STYLE = Automatic;
				INFOPLIST_FILE = "Quiz Game App/Info.plist";
				LD_RUNPATH_SEARCH_PATHS = (
					"$(inherited)",
					"@executable_path/Frameworks",
				);
				PRODUCT_BUNDLE_IDENTIFIER = "fzapata.Quiz-Game-App";
				PRODUCT_NAME = "$(TARGET_NAME)";
				SWIFT_VERSION = 5.0;
				TARGETED_DEVICE_FAMILY = "1,2";
			};
			name = Debug;
		};
		876617D026CAFACD00476FFE /* Release */ = {
			isa = XCBuildConfiguration;
			buildSettings = {
				ASSETCATALOG_COMPILER_APPICON_NAME = AppIcon;
				ASSETCATALOG_COMPILER_GLOBAL_ACCENT_COLOR_NAME = AccentColor;
				CODE_SIGN_STYLE = Automatic;
				INFOPLIST_FILE = "Quiz Game App/Info.plist";
				LD_RUNPATH_SEARCH_PATHS = (
					"$(inherited)",
					"@executable_path/Frameworks",
				);
				PRODUCT_BUNDLE_IDENTIFIER = "fzapata.Quiz-Game-App";
				PRODUCT_NAME = "$(TARGET_NAME)";
				SWIFT_VERSION = 5.0;
				TARGETED_DEVICE_FAMILY = "1,2";
			};
			name = Release;
		};
/* End XCBuildConfiguration section */

/* Begin XCConfigurationList section */
		876617B526CAFACB00476FFE /* Build configuration list for PBXProject "Quiz Game App" */ = {
			isa = XCConfigurationList;
			buildConfigurations = (
				876617CC26CAFACD00476FFE /* Debug */,
				876617CD26CAFACD00476FFE /* Release */,
			);
			defaultConfigurationIsVisible = 0;
			defaultConfigurationName = Release;
		};
		876617CE26CAFACD00476FFE /* Build configuration list for PBXNativeTarget "Quiz Game App" */ = {
			isa = XCConfigurationList;
			buildConfigurations = (
				876617CF26CAFACD00476FFE /* Debug */,
				876617D026CAFACD00476FFE /* Release */,
			);
			defaultConfigurationIsVisible = 0;
			defaultConfigurationName = Release;
		};
/* End XCConfigurationList section */
	};
	rootObject = 876617B226CAFACB00476FFE /* Project object */;
}
